// !$*UTF8*$!
{
	archiveVersion = 1;
	classes = {
	};
	objectVersion = 54;
	objects = {

/* Begin PBXBuildFile section */
		13B07FBC1A68108700A75B9A /* AppDelegate.mm in Sources */ = {isa = PBXBuildFile; fileRef = 13B07FB01A68108700A75B9A /* AppDelegate.mm */; };
		13B07FBF1A68108700A75B9A /* Images.xcassets in Resources */ = {isa = PBXBuildFile; fileRef = 13B07FB51A68108700A75B9A /* Images.xcassets */; };
		13B07FC11A68108700A75B9A /* main.m in Sources */ = {isa = PBXBuildFile; fileRef = 13B07FB71A68108700A75B9A /* main.m */; };
		13B32CE723D2782B002F0526 /* SampleSwiftFile.swift in Sources */ = {isa = PBXBuildFile; fileRef = 13B32CE623D2782B002F0526 /* SampleSwiftFile.swift */; };
		253BCCFA2B324974007DC74C /* NSureSDK.m in Sources */ = {isa = PBXBuildFile; fileRef = 253BCCF92B324974007DC74C /* NSureSDK.m */; };
		32FE1B49FE7E47B69CF28E06 /* AvenirNextLTPro-Bold.otf in Resources */ = {isa = PBXBuildFile; fileRef = EA6D8E31A68B4451B423AFF0 /* AvenirNextLTPro-Bold.otf */; };
		5983D8FED74747CCA45F8FC4 /* AvenirNextLTPro-Medium.otf in Resources */ = {isa = PBXBuildFile; fileRef = 33E11CC84EEA4109B8A1AE2C /* AvenirNextLTPro-Medium.otf */; };
		7103C3ED2929C6B5002B9072 /* BootSplash.storyboard in Resources */ = {isa = PBXBuildFile; fileRef = 7103C3EC2929C6B5002B9072 /* BootSplash.storyboard */; };
		717F36E82733C73F0017511F /* AvenirNextLTPro-DemiBold.otf in Resources */ = {isa = PBXBuildFile; fileRef = 717F36E72733C73F0017511F /* AvenirNextLTPro-DemiBold.otf */; };
		71F51B7D29885F9700650D0A /* downloading_dark.riv in Resources */ = {isa = PBXBuildFile; fileRef = 71F51B7A29885F9700650D0A /* downloading_dark.riv */; };
		71F51B7E29885F9700650D0A /* downloading_default.riv in Resources */ = {isa = PBXBuildFile; fileRef = 71F51B7B29885F9700650D0A /* downloading_default.riv */; };
		71F51B7F29885F9700650D0A /* downloading_matrix.riv in Resources */ = {isa = PBXBuildFile; fileRef = 71F51B7C29885F9700650D0A /* downloading_matrix.riv */; };
		838AABE023CE3813004B2DA3 /* GoogleService-Info.plist in Resources */ = {isa = PBXBuildFile; fileRef = 838AABDF23CE3813004B2DA3 /* GoogleService-Info.plist */; };
		83F7359F23C55C2D0040A4C5 /* AirplayViewManager.m in Sources */ = {isa = PBXBuildFile; fileRef = 83F7359E23C55C2D0040A4C5 /* AirplayViewManager.m */; };
		83F735A523C64C950040A4C5 /* AirplayEvent.m in Sources */ = {isa = PBXBuildFile; fileRef = 83F735A423C64C950040A4C5 /* AirplayEvent.m */; };
		83FB60B623A4351D00DC2238 /* main.jsbundle in Resources */ = {isa = PBXBuildFile; fileRef = 008F07F21AC5B25A0029DE68 /* main.jsbundle */; };
		9204DC5D38C1495FA330CF12 /* AvenirNextLTPro-Regular.otf in Resources */ = {isa = PBXBuildFile; fileRef = 6F65A9A9BAD047FABD240C59 /* AvenirNextLTPro-Regular.otf */; };
		9A21B5C22EF94A738EBABFED /* AvenirNextLTPro-Thin.otf in Resources */ = {isa = PBXBuildFile; fileRef = BAEB40775EC64F48AC1983F7 /* AvenirNextLTPro-Thin.otf */; };
		9E394FBA2BD1B7A8008DD9D2 /* PrivacyInfo.xcprivacy in Resources */ = {isa = PBXBuildFile; fileRef = 9E5B39082BB49198009C765B /* PrivacyInfo.xcprivacy */; };
		C48560F6F96345AC8C69506F /* AvenirNextLTPro-Heavy.otf in Resources */ = {isa = PBXBuildFile; fileRef = D40C2F0A0A4641D18D426558 /* AvenirNextLTPro-Heavy.otf */; };
		CFE33B15004249189EB75CDC /* AvenirNextLTPro-UltLt.otf in Resources */ = {isa = PBXBuildFile; fileRef = D83DC634C3DC44B588896E10 /* AvenirNextLTPro-UltLt.otf */; };
		D8A2EF3D01D8D06DFEF19F29 /* libPods-AudiusReactNative.a in Frameworks */ = {isa = PBXBuildFile; fileRef = 622045C334F0F16E3CF4011F /* libPods-AudiusReactNative.a */; };
		F50849B3CA2D48F3852465FA /* AvenirNextLTPro-Light.otf in Resources */ = {isa = PBXBuildFile; fileRef = 8FFE615B56774422849C5A08 /* AvenirNextLTPro-Light.otf */; };
/* End PBXBuildFile section */

/* Begin PBXFileReference section */
		008F07F21AC5B25A0029DE68 /* main.jsbundle */ = {isa = PBXFileReference; fileEncoding = 4; lastKnownFileType = text; path = main.jsbundle; sourceTree = "<group>"; };
		00E356F11AD99517003FC87E /* Info.plist */ = {isa = PBXFileReference; lastKnownFileType = text.plist.xml; path = Info.plist; sourceTree = "<group>"; };
		00E356F21AD99517003FC87E /* AudiusReactNativeTests.m */ = {isa = PBXFileReference; lastKnownFileType = sourcecode.c.objc; path = AudiusReactNativeTests.m; sourceTree = "<group>"; };
		13B07F961A680F5B00A75B9A /* Audius Music.app */ = {isa = PBXFileReference; explicitFileType = wrapper.application; includeInIndex = 0; path = "Audius Music.app"; sourceTree = BUILT_PRODUCTS_DIR; };
		13B07FAF1A68108700A75B9A /* AppDelegate.h */ = {isa = PBXFileReference; fileEncoding = 4; lastKnownFileType = sourcecode.c.h; name = AppDelegate.h; path = AudiusReactNative/AppDelegate.h; sourceTree = "<group>"; };
		13B07FB01A68108700A75B9A /* AppDelegate.mm */ = {isa = PBXFileReference; fileEncoding = 4; lastKnownFileType = sourcecode.cpp.objcpp; name = AppDelegate.mm; path = AudiusReactNative/AppDelegate.mm; sourceTree = "<group>"; };
		13B07FB51A68108700A75B9A /* Images.xcassets */ = {isa = PBXFileReference; lastKnownFileType = folder.assetcatalog; name = Images.xcassets; path = AudiusReactNative/Images.xcassets; sourceTree = "<group>"; };
		13B07FB61A68108700A75B9A /* Info.plist */ = {isa = PBXFileReference; fileEncoding = 4; lastKnownFileType = text.plist.xml; name = Info.plist; path = AudiusReactNative/Info.plist; sourceTree = "<group>"; };
		13B07FB71A68108700A75B9A /* main.m */ = {isa = PBXFileReference; fileEncoding = 4; lastKnownFileType = sourcecode.c.objc; name = main.m; path = AudiusReactNative/main.m; sourceTree = "<group>"; };
		13B32CE523D2782A002F0526 /* AudiusReactNative-Bridging-Header.h */ = {isa = PBXFileReference; lastKnownFileType = sourcecode.c.h; path = "AudiusReactNative-Bridging-Header.h"; sourceTree = "<group>"; };
		13B32CE623D2782B002F0526 /* SampleSwiftFile.swift */ = {isa = PBXFileReference; lastKnownFileType = sourcecode.swift; path = SampleSwiftFile.swift; sourceTree = "<group>"; };
		1FBFACF443D7D1D743A6B13A /* Pods-AudiusReactNative.releasecandidate.xcconfig */ = {isa = PBXFileReference; includeInIndex = 1; lastKnownFileType = text.xcconfig; name = "Pods-AudiusReactNative.releasecandidate.xcconfig"; path = "Target Support Files/Pods-AudiusReactNative/Pods-AudiusReactNative.releasecandidate.xcconfig"; sourceTree = "<group>"; };
		253BCCF82B324974007DC74C /* NSureSDK.h */ = {isa = PBXFileReference; fileEncoding = 4; lastKnownFileType = sourcecode.c.h; name = NSureSDK.h; path = AudiusReactNative/NSureSDK.h; sourceTree = "<group>"; };
		253BCCF92B324974007DC74C /* NSureSDK.m */ = {isa = PBXFileReference; fileEncoding = 4; lastKnownFileType = sourcecode.c.objc; name = NSureSDK.m; path = AudiusReactNative/NSureSDK.m; sourceTree = "<group>"; };
		33E11CC84EEA4109B8A1AE2C /* AvenirNextLTPro-Medium.otf */ = {isa = PBXFileReference; explicitFileType = undefined; fileEncoding = 9; includeInIndex = 0; lastKnownFileType = unknown; name = "AvenirNextLTPro-Medium.otf"; path = "../src/assets/fonts/AvenirNextLTPro-Medium.otf"; sourceTree = "<group>"; };
		453FC09EC343ACA359EB312C /* Pods-AudiusReactNative.release.xcconfig */ = {isa = PBXFileReference; includeInIndex = 1; lastKnownFileType = text.xcconfig; name = "Pods-AudiusReactNative.release.xcconfig"; path = "Target Support Files/Pods-AudiusReactNative/Pods-AudiusReactNative.release.xcconfig"; sourceTree = "<group>"; };
		622045C334F0F16E3CF4011F /* libPods-AudiusReactNative.a */ = {isa = PBXFileReference; explicitFileType = archive.ar; includeInIndex = 0; path = "libPods-AudiusReactNative.a"; sourceTree = BUILT_PRODUCTS_DIR; };
		6F65A9A9BAD047FABD240C59 /* AvenirNextLTPro-Regular.otf */ = {isa = PBXFileReference; explicitFileType = undefined; fileEncoding = 9; includeInIndex = 0; lastKnownFileType = unknown; name = "AvenirNextLTPro-Regular.otf"; path = "../src/assets/fonts/AvenirNextLTPro-Regular.otf"; sourceTree = "<group>"; };
		7103C3EC2929C6B5002B9072 /* BootSplash.storyboard */ = {isa = PBXFileReference; fileEncoding = 4; lastKnownFileType = file.storyboard; name = BootSplash.storyboard; path = AudiusReactNative/BootSplash.storyboard; sourceTree = "<group>"; };
		717F36E72733C73F0017511F /* AvenirNextLTPro-DemiBold.otf */ = {isa = PBXFileReference; lastKnownFileType = file; name = "AvenirNextLTPro-DemiBold.otf"; path = "../src/assets/fonts/AvenirNextLTPro-DemiBold.otf"; sourceTree = "<group>"; };
		71F51B7A29885F9700650D0A /* downloading_dark.riv */ = {isa = PBXFileReference; lastKnownFileType = file; name = downloading_dark.riv; path = Assets/downloading_dark.riv; sourceTree = "<group>"; };
		71F51B7B29885F9700650D0A /* downloading_default.riv */ = {isa = PBXFileReference; lastKnownFileType = file; name = downloading_default.riv; path = Assets/downloading_default.riv; sourceTree = "<group>"; };
		71F51B7C29885F9700650D0A /* downloading_matrix.riv */ = {isa = PBXFileReference; lastKnownFileType = file; name = downloading_matrix.riv; path = Assets/downloading_matrix.riv; sourceTree = "<group>"; };
		80E769842E137A16D8B24B96 /* Pods-AudiusReactNative.debug.xcconfig */ = {isa = PBXFileReference; includeInIndex = 1; lastKnownFileType = text.xcconfig; name = "Pods-AudiusReactNative.debug.xcconfig"; path = "Target Support Files/Pods-AudiusReactNative/Pods-AudiusReactNative.debug.xcconfig"; sourceTree = "<group>"; };
		838AABDF23CE3813004B2DA3 /* GoogleService-Info.plist */ = {isa = PBXFileReference; fileEncoding = 4; lastKnownFileType = text.plist.xml; path = "GoogleService-Info.plist"; sourceTree = "<group>"; };
		83E8F64123F6101600817622 /* libRNAnalytics.a */ = {isa = PBXFileReference; explicitFileType = archive.ar; path = libRNAnalytics.a; sourceTree = BUILT_PRODUCTS_DIR; };
		83F7359E23C55C2D0040A4C5 /* AirplayViewManager.m */ = {isa = PBXFileReference; lastKnownFileType = sourcecode.c.objc; path = AirplayViewManager.m; sourceTree = "<group>"; };
		83F735A423C64C950040A4C5 /* AirplayEvent.m */ = {isa = PBXFileReference; lastKnownFileType = sourcecode.c.objc; path = AirplayEvent.m; sourceTree = "<group>"; };
		871B6984E1993EF6CFB9B5A5 /* Pods-AudiusReactNative.staging.release.xcconfig */ = {isa = PBXFileReference; includeInIndex = 1; lastKnownFileType = text.xcconfig; name = "Pods-AudiusReactNative.staging.release.xcconfig"; path = "Target Support Files/Pods-AudiusReactNative/Pods-AudiusReactNative.staging.release.xcconfig"; sourceTree = "<group>"; };
		8FFE615B56774422849C5A08 /* AvenirNextLTPro-Light.otf */ = {isa = PBXFileReference; explicitFileType = undefined; fileEncoding = 9; includeInIndex = 0; lastKnownFileType = unknown; name = "AvenirNextLTPro-Light.otf"; path = "../src/assets/fonts/AvenirNextLTPro-Light.otf"; sourceTree = "<group>"; };
		9E5B39082BB49198009C765B /* PrivacyInfo.xcprivacy */ = {isa = PBXFileReference; lastKnownFileType = text.xml; path = PrivacyInfo.xcprivacy; sourceTree = "<group>"; };
		A20D1DBF23ABDA2B003D6530 /* Audius Music.entitlements */ = {isa = PBXFileReference; lastKnownFileType = text.plist.entitlements; name = "Audius Music.entitlements"; path = "AudiusReactNative/Audius Music.entitlements"; sourceTree = "<group>"; };
		BAEB40775EC64F48AC1983F7 /* AvenirNextLTPro-Thin.otf */ = {isa = PBXFileReference; explicitFileType = undefined; fileEncoding = 9; includeInIndex = 0; lastKnownFileType = unknown; name = "AvenirNextLTPro-Thin.otf"; path = "../src/assets/fonts/AvenirNextLTPro-Thin.otf"; sourceTree = "<group>"; };
		CA27166AAEB892DEA975C5CF /* Pods-AudiusReactNative.staging.releasecandidate.xcconfig */ = {isa = PBXFileReference; includeInIndex = 1; lastKnownFileType = text.xcconfig; name = "Pods-AudiusReactNative.staging.releasecandidate.xcconfig"; path = "Target Support Files/Pods-AudiusReactNative/Pods-AudiusReactNative.staging.releasecandidate.xcconfig"; sourceTree = "<group>"; };
		D40C2F0A0A4641D18D426558 /* AvenirNextLTPro-Heavy.otf */ = {isa = PBXFileReference; explicitFileType = undefined; fileEncoding = 9; includeInIndex = 0; lastKnownFileType = unknown; name = "AvenirNextLTPro-Heavy.otf"; path = "../src/assets/fonts/AvenirNextLTPro-Heavy.otf"; sourceTree = "<group>"; };
		D83DC634C3DC44B588896E10 /* AvenirNextLTPro-UltLt.otf */ = {isa = PBXFileReference; explicitFileType = undefined; fileEncoding = 9; includeInIndex = 0; lastKnownFileType = unknown; name = "AvenirNextLTPro-UltLt.otf"; path = "../src/assets/fonts/AvenirNextLTPro-UltLt.otf"; sourceTree = "<group>"; };
		D8E305EA8939571531A6B48A /* Pods-AudiusReactNative.staging.debug.xcconfig */ = {isa = PBXFileReference; includeInIndex = 1; lastKnownFileType = text.xcconfig; name = "Pods-AudiusReactNative.staging.debug.xcconfig"; path = "Target Support Files/Pods-AudiusReactNative/Pods-AudiusReactNative.staging.debug.xcconfig"; sourceTree = "<group>"; };
		EA6D8E31A68B4451B423AFF0 /* AvenirNextLTPro-Bold.otf */ = {isa = PBXFileReference; explicitFileType = undefined; fileEncoding = 9; includeInIndex = 0; lastKnownFileType = unknown; name = "AvenirNextLTPro-Bold.otf"; path = "../src/assets/fonts/AvenirNextLTPro-Bold.otf"; sourceTree = "<group>"; };
		ED297162215061F000B7C4FE /* JavaScriptCore.framework */ = {isa = PBXFileReference; lastKnownFileType = wrapper.framework; name = JavaScriptCore.framework; path = System/Library/Frameworks/JavaScriptCore.framework; sourceTree = SDKROOT; };
		ED2971642150620600B7C4FE /* JavaScriptCore.framework */ = {isa = PBXFileReference; lastKnownFileType = wrapper.framework; name = JavaScriptCore.framework; path = Platforms/AppleTVOS.platform/Developer/SDKs/AppleTVOS12.0.sdk/System/Library/Frameworks/JavaScriptCore.framework; sourceTree = DEVELOPER_DIR; };
/* End PBXFileReference section */

/* Begin PBXFrameworksBuildPhase section */
		13B07F8C1A680F5B00A75B9A /* Frameworks */ = {
			isa = PBXFrameworksBuildPhase;
			buildActionMask = 2147483647;
			files = (
				D8A2EF3D01D8D06DFEF19F29 /* libPods-AudiusReactNative.a in Frameworks */,
			);
			runOnlyForDeploymentPostprocessing = 0;
		};
/* End PBXFrameworksBuildPhase section */

/* Begin PBXGroup section */
		00E356EF1AD99517003FC87E /* AudiusReactNativeTests */ = {
			isa = PBXGroup;
			children = (
				00E356F21AD99517003FC87E /* AudiusReactNativeTests.m */,
				00E356F01AD99517003FC87E /* Supporting Files */,
			);
			path = AudiusReactNativeTests;
			sourceTree = "<group>";
		};
		00E356F01AD99517003FC87E /* Supporting Files */ = {
			isa = PBXGroup;
			children = (
				00E356F11AD99517003FC87E /* Info.plist */,
			);
			name = "Supporting Files";
			sourceTree = "<group>";
		};
		13B07FAE1A68108700A75B9A /* AudiusReactNative */ = {
			isa = PBXGroup;
			children = (
				253BCCF82B324974007DC74C /* NSureSDK.h */,
				253BCCF92B324974007DC74C /* NSureSDK.m */,
				23C6F63D2977C23800F66384 /* Assets */,
				838AABDF23CE3813004B2DA3 /* GoogleService-Info.plist */,
				A20D1DBF23ABDA2B003D6530 /* Audius Music.entitlements */,
				008F07F21AC5B25A0029DE68 /* main.jsbundle */,
				13B07FAF1A68108700A75B9A /* AppDelegate.h */,
				13B07FB01A68108700A75B9A /* AppDelegate.mm */,
				13B07FB51A68108700A75B9A /* Images.xcassets */,
				13B07FB61A68108700A75B9A /* Info.plist */,
				7103C3EC2929C6B5002B9072 /* BootSplash.storyboard */,
				13B07FB71A68108700A75B9A /* main.m */,
				83F7359E23C55C2D0040A4C5 /* AirplayViewManager.m */,
				83F735A423C64C950040A4C5 /* AirplayEvent.m */,
			);
			name = AudiusReactNative;
			sourceTree = "<group>";
		};
		23C6F63D2977C23800F66384 /* Assets */ = {
			isa = PBXGroup;
			children = (
				71F51B7A29885F9700650D0A /* downloading_dark.riv */,
				71F51B7B29885F9700650D0A /* downloading_default.riv */,
				71F51B7C29885F9700650D0A /* downloading_matrix.riv */,
			);
			name = Assets;
			sourceTree = "<group>";
		};
		2D16E6871FA4F8E400B85C8A /* Frameworks */ = {
			isa = PBXGroup;
			children = (
				83E8F64123F6101600817622 /* libRNAnalytics.a */,
				ED297162215061F000B7C4FE /* JavaScriptCore.framework */,
				ED2971642150620600B7C4FE /* JavaScriptCore.framework */,
				622045C334F0F16E3CF4011F /* libPods-AudiusReactNative.a */,
			);
			name = Frameworks;
			sourceTree = "<group>";
		};
		832341AE1AAA6A7D00B99B32 /* Libraries */ = {
			isa = PBXGroup;
			children = (
			);
			name = Libraries;
			sourceTree = "<group>";
		};
		83CBB9F61A601CBA00E9B192 = {
			isa = PBXGroup;
			children = (
				9E5B39082BB49198009C765B /* PrivacyInfo.xcprivacy */,
				13B32CE623D2782B002F0526 /* SampleSwiftFile.swift */,
				13B07FAE1A68108700A75B9A /* AudiusReactNative */,
				832341AE1AAA6A7D00B99B32 /* Libraries */,
				00E356EF1AD99517003FC87E /* AudiusReactNativeTests */,
				83CBBA001A601CBA00E9B192 /* Products */,
				2D16E6871FA4F8E400B85C8A /* Frameworks */,
				9203ADA7911C8949B98165F4 /* Pods */,
				13B32CE523D2782A002F0526 /* AudiusReactNative-Bridging-Header.h */,
				A5F065694F9E40CE97972CFA /* Resources */,
				F2E727A52732EE4F008E4614 /* Recovered References */,
			);
			indentWidth = 2;
			sourceTree = "<group>";
			tabWidth = 2;
			usesTabs = 0;
		};
		83CBBA001A601CBA00E9B192 /* Products */ = {
			isa = PBXGroup;
			children = (
				13B07F961A680F5B00A75B9A /* Audius Music.app */,
			);
			name = Products;
			sourceTree = "<group>";
		};
		9203ADA7911C8949B98165F4 /* Pods */ = {
			isa = PBXGroup;
			children = (
				80E769842E137A16D8B24B96 /* Pods-AudiusReactNative.debug.xcconfig */,
				D8E305EA8939571531A6B48A /* Pods-AudiusReactNative.staging.debug.xcconfig */,
				453FC09EC343ACA359EB312C /* Pods-AudiusReactNative.release.xcconfig */,
				871B6984E1993EF6CFB9B5A5 /* Pods-AudiusReactNative.staging.release.xcconfig */,
				CA27166AAEB892DEA975C5CF /* Pods-AudiusReactNative.staging.releasecandidate.xcconfig */,
				1FBFACF443D7D1D743A6B13A /* Pods-AudiusReactNative.releasecandidate.xcconfig */,
			);
			path = Pods;
			sourceTree = "<group>";
		};
		A5F065694F9E40CE97972CFA /* Resources */ = {
			isa = PBXGroup;
			children = (
				EA6D8E31A68B4451B423AFF0 /* AvenirNextLTPro-Bold.otf */,
				717F36E72733C73F0017511F /* AvenirNextLTPro-DemiBold.otf */,
				D40C2F0A0A4641D18D426558 /* AvenirNextLTPro-Heavy.otf */,
				33E11CC84EEA4109B8A1AE2C /* AvenirNextLTPro-Medium.otf */,
				6F65A9A9BAD047FABD240C59 /* AvenirNextLTPro-Regular.otf */,
				D83DC634C3DC44B588896E10 /* AvenirNextLTPro-UltLt.otf */,
				8FFE615B56774422849C5A08 /* AvenirNextLTPro-Light.otf */,
				BAEB40775EC64F48AC1983F7 /* AvenirNextLTPro-Thin.otf */,
			);
			name = Resources;
			sourceTree = "<group>";
		};
		F2E727A52732EE4F008E4614 /* Recovered References */ = {
			isa = PBXGroup;
			children = (
			);
			name = "Recovered References";
			sourceTree = "<group>";
		};
/* End PBXGroup section */

/* Begin PBXNativeTarget section */
		13B07F861A680F5B00A75B9A /* AudiusReactNative */ = {
			isa = PBXNativeTarget;
			buildConfigurationList = 13B07F931A680F5B00A75B9A /* Build configuration list for PBXNativeTarget "AudiusReactNative" */;
			buildPhases = (
				4F8185A02FC4BDA0C345B32B /* [CP] Check Pods Manifest.lock */,
				FD10A7F022414F080027D42C /* Start Packager */,
				13B07F871A680F5B00A75B9A /* Sources */,
				13B07F8C1A680F5B00A75B9A /* Frameworks */,
				13B07F8E1A680F5B00A75B9A /* Resources */,
				00DD1BFF1BD5951E006B06BC /* Bundle React Native code and images */,
				838AABE123CE404D004B2DA3 /* ShellScript */,
				18A5B1D0CA1543ABB2DC5C65 /* Upload Debug Symbols to Sentry */,
				CBD3B687421F14165031EAF0 /* [CP] Embed Pods Frameworks */,
				B73C21C532E1201FEFBAECDA /* [CP] Copy Pods Resources */,
			);
			buildRules = (
			);
			dependencies = (
			);
			name = AudiusReactNative;
			productName = AudiusReactNative;
			productReference = 13B07F961A680F5B00A75B9A /* Audius Music.app */;
			productType = "com.apple.product-type.application";
		};
/* End PBXNativeTarget section */

/* Begin PBXProject section */
		83CBB9F71A601CBA00E9B192 /* Project object */ = {
			isa = PBXProject;
			attributes = {
				LastUpgradeCheck = 1210;
				TargetAttributes = {
					13B07F861A680F5B00A75B9A = {
						DevelopmentTeam = LRFCG93S85;
						LastSwiftMigration = 1130;
						ProvisioningStyle = Manual;
					};
				};
			};
			buildConfigurationList = 83CBB9FA1A601CBA00E9B192 /* Build configuration list for PBXProject "AudiusReactNative" */;
			compatibilityVersion = "Xcode 12.0";
			developmentRegion = en;
			hasScannedForEncodings = 0;
			knownRegions = (
				English,
				en,
				Base,
			);
			mainGroup = 83CBB9F61A601CBA00E9B192;
			productRefGroup = 83CBBA001A601CBA00E9B192 /* Products */;
			projectDirPath = "";
			projectRoot = "";
			targets = (
				13B07F861A680F5B00A75B9A /* AudiusReactNative */,
			);
		};
/* End PBXProject section */

/* Begin PBXResourcesBuildPhase section */
		13B07F8E1A680F5B00A75B9A /* Resources */ = {
			isa = PBXResourcesBuildPhase;
			buildActionMask = 2147483647;
			files = (
				717F36E82733C73F0017511F /* AvenirNextLTPro-DemiBold.otf in Resources */,
				83FB60B623A4351D00DC2238 /* main.jsbundle in Resources */,
				9E394FBA2BD1B7A8008DD9D2 /* PrivacyInfo.xcprivacy in Resources */,
				7103C3ED2929C6B5002B9072 /* BootSplash.storyboard in Resources */,
				838AABE023CE3813004B2DA3 /* GoogleService-Info.plist in Resources */,
				13B07FBF1A68108700A75B9A /* Images.xcassets in Resources */,
				32FE1B49FE7E47B69CF28E06 /* AvenirNextLTPro-Bold.otf in Resources */,
				71F51B7E29885F9700650D0A /* downloading_default.riv in Resources */,
				C48560F6F96345AC8C69506F /* AvenirNextLTPro-Heavy.otf in Resources */,
				5983D8FED74747CCA45F8FC4 /* AvenirNextLTPro-Medium.otf in Resources */,
				9204DC5D38C1495FA330CF12 /* AvenirNextLTPro-Regular.otf in Resources */,
				71F51B7F29885F9700650D0A /* downloading_matrix.riv in Resources */,
				CFE33B15004249189EB75CDC /* AvenirNextLTPro-UltLt.otf in Resources */,
				F50849B3CA2D48F3852465FA /* AvenirNextLTPro-Light.otf in Resources */,
				71F51B7D29885F9700650D0A /* downloading_dark.riv in Resources */,
				9A21B5C22EF94A738EBABFED /* AvenirNextLTPro-Thin.otf in Resources */,
			);
			runOnlyForDeploymentPostprocessing = 0;
		};
/* End PBXResourcesBuildPhase section */

/* Begin PBXShellScriptBuildPhase section */
		00DD1BFF1BD5951E006B06BC /* Bundle React Native code and images */ = {
			isa = PBXShellScriptBuildPhase;
			buildActionMask = 2147483647;
			files = (
			);
			inputPaths = (
			);
			name = "Bundle React Native code and images";
			outputPaths = (
			);
			runOnlyForDeploymentPostprocessing = 0;
			shellPath = /bin/sh;
			shellScript = "${SRCROOT}/scripts/bundleReactNative.sh\n";
		};
		18A5B1D0CA1543ABB2DC5C65 /* Upload Debug Symbols to Sentry */ = {
			isa = PBXShellScriptBuildPhase;
			buildActionMask = 2147483647;
			files = (
			);
			inputPaths = (
			);
			name = "Upload Debug Symbols to Sentry";
			outputPaths = (
			);
			runOnlyForDeploymentPostprocessing = 0;
			shellPath = /bin/sh;
			shellScript = "${SRCROOT}/scripts/uploadSentryDebugSymbols.sh";
		};
		4F8185A02FC4BDA0C345B32B /* [CP] Check Pods Manifest.lock */ = {
			isa = PBXShellScriptBuildPhase;
			buildActionMask = 2147483647;
			files = (
			);
			inputFileListPaths = (
			);
			inputPaths = (
				"${PODS_PODFILE_DIR_PATH}/Podfile.lock",
				"${PODS_ROOT}/Manifest.lock",
			);
			name = "[CP] Check Pods Manifest.lock";
			outputFileListPaths = (
			);
			outputPaths = (
				"$(DERIVED_FILE_DIR)/Pods-AudiusReactNative-checkManifestLockResult.txt",
			);
			runOnlyForDeploymentPostprocessing = 0;
			shellPath = /bin/sh;
			shellScript = "diff \"${PODS_PODFILE_DIR_PATH}/Podfile.lock\" \"${PODS_ROOT}/Manifest.lock\" > /dev/null\nif [ $? != 0 ] ; then\n    # print error to STDERR\n    echo \"error: The sandbox is not in sync with the Podfile.lock. Run 'pod install' or update your CocoaPods installation.\" >&2\n    exit 1\nfi\n# This output is used by Xcode 'outputs' to avoid re-running this script phase.\necho \"SUCCESS\" > \"${SCRIPT_OUTPUT_FILE_0}\"\n";
			showEnvVarsInLog = 0;
		};
		838AABE123CE404D004B2DA3 /* ShellScript */ = {
			isa = PBXShellScriptBuildPhase;
			buildActionMask = 2147483647;
			files = (
			);
			inputFileListPaths = (
			);
			inputPaths = (
			);
			outputFileListPaths = (
			);
			outputPaths = (
			);
			runOnlyForDeploymentPostprocessing = 0;
			shellPath = /bin/sh;
			shellScript = "# Type a script or drag a script file from your workspace to insert its path.\n\"${PODS_ROOT}/FirebaseCrashlytics/run\"\nfind dSYM_DIRECTORY -name \"*.dSYM\" | xargs -I \\{\\} $PODS_ROOT/FirebaseCrashlytics/upload-symbols -gsp /PATH/TO/GoogleService-Info.plist -p PLATFORM \\{\\}\n";
		};
		B73C21C532E1201FEFBAECDA /* [CP] Copy Pods Resources */ = {
			isa = PBXShellScriptBuildPhase;
			buildActionMask = 2147483647;
			files = (
			);
			inputFileListPaths = (
				"${PODS_ROOT}/Target Support Files/Pods-AudiusReactNative/Pods-AudiusReactNative-resources-${CONFIGURATION}-input-files.xcfilelist",
			);
			name = "[CP] Copy Pods Resources";
			outputFileListPaths = (
				"${PODS_ROOT}/Target Support Files/Pods-AudiusReactNative/Pods-AudiusReactNative-resources-${CONFIGURATION}-output-files.xcfilelist",
			);
			runOnlyForDeploymentPostprocessing = 0;
			shellPath = /bin/sh;
			shellScript = "\"${PODS_ROOT}/Target Support Files/Pods-AudiusReactNative/Pods-AudiusReactNative-resources.sh\"\n";
			showEnvVarsInLog = 0;
		};
		CBD3B687421F14165031EAF0 /* [CP] Embed Pods Frameworks */ = {
			isa = PBXShellScriptBuildPhase;
			buildActionMask = 2147483647;
			files = (
			);
			inputFileListPaths = (
				"${PODS_ROOT}/Target Support Files/Pods-AudiusReactNative/Pods-AudiusReactNative-frameworks-${CONFIGURATION}-input-files.xcfilelist",
			);
			name = "[CP] Embed Pods Frameworks";
			outputFileListPaths = (
				"${PODS_ROOT}/Target Support Files/Pods-AudiusReactNative/Pods-AudiusReactNative-frameworks-${CONFIGURATION}-output-files.xcfilelist",
			);
			runOnlyForDeploymentPostprocessing = 0;
			shellPath = /bin/sh;
			shellScript = "\"${PODS_ROOT}/Target Support Files/Pods-AudiusReactNative/Pods-AudiusReactNative-frameworks.sh\"\n";
			showEnvVarsInLog = 0;
		};
		FD10A7F022414F080027D42C /* Start Packager */ = {
			isa = PBXShellScriptBuildPhase;
			buildActionMask = 2147483647;
			files = (
			);
			inputFileListPaths = (
			);
			inputPaths = (
			);
			name = "Start Packager";
			outputFileListPaths = (
			);
			outputPaths = (
			);
			runOnlyForDeploymentPostprocessing = 0;
			shellPath = /bin/sh;
			shellScript = "export RCT_METRO_PORT=\"${RCT_METRO_PORT:=8081}\"\necho \"export RCT_METRO_PORT=${RCT_METRO_PORT}\" > \"${SRCROOT}/../node_modules/react-native/scripts/.packager.env\"\nif [ -z \"${RCT_NO_LAUNCH_PACKAGER+xxx}\" ] ; then\n  if nc -w 5 -z localhost ${RCT_METRO_PORT} ; then\n    if ! curl -s \"http://localhost:${RCT_METRO_PORT}/status\" | grep -q \"packager-status:running\" ; then\n      echo \"Port ${RCT_METRO_PORT} already in use, packager is either not running or not running correctly\"\n      exit 2\n    fi\n  else\n    open \"$SRCROOT/../node_modules/react-native/scripts/launchPackager.command\" || echo \"Can't start packager automatically\"\n  fi\nfi\n";
			showEnvVarsInLog = 0;
		};
/* End PBXShellScriptBuildPhase section */

/* Begin PBXSourcesBuildPhase section */
		13B07F871A680F5B00A75B9A /* Sources */ = {
			isa = PBXSourcesBuildPhase;
			buildActionMask = 2147483647;
			files = (
				253BCCFA2B324974007DC74C /* NSureSDK.m in Sources */,
				13B07FBC1A68108700A75B9A /* AppDelegate.mm in Sources */,
				83F7359F23C55C2D0040A4C5 /* AirplayViewManager.m in Sources */,
				13B32CE723D2782B002F0526 /* SampleSwiftFile.swift in Sources */,
				83F735A523C64C950040A4C5 /* AirplayEvent.m in Sources */,
				13B07FC11A68108700A75B9A /* main.m in Sources */,
			);
			runOnlyForDeploymentPostprocessing = 0;
		};
/* End PBXSourcesBuildPhase section */

/* Begin XCBuildConfiguration section */
		13B07F941A680F5B00A75B9A /* Debug */ = {
			isa = XCBuildConfiguration;
			baseConfigurationReference = 80E769842E137A16D8B24B96 /* Pods-AudiusReactNative.debug.xcconfig */;
			buildSettings = {
				APP_DISPLAY_NAME = "Audius Music";
				ASSETCATALOG_COMPILER_APPICON_NAME = AppIcon;
				BUNDLE_ID_SUFFIX = "";
				CLANG_ENABLE_MODULES = YES;
				CODE_SIGN_ENTITLEMENTS = "AudiusReactNative/Audius Music.entitlements";
				CURRENT_PROJECT_VERSION = 1;
				DEVELOPMENT_TEAM = LRFCG93S85;
				INFOPLIST_FILE = AudiusReactNative/Info.plist;
				IPHONEOS_DEPLOYMENT_TARGET = 15.5;
				LD_RUNPATH_SEARCH_PATHS = (
					"$(inherited)",
					"@executable_path/Frameworks",
				);
				OTHER_LDFLAGS = (
					"$(inherited)",
					"-ObjC",
					"-lc++",
				);
				PRODUCT_BUNDLE_IDENTIFIER = co.audius.audiusmusic;
				PRODUCT_NAME = "Audius Music";
				PROVISIONING_PROFILE_SPECIFIER = "match Development co.audius.audiusmusic";
				SCSDK_CLIENT_ID = "e4716145-55b7-4a90-9d90-e977733713ed";
				SWIFT_OBJC_BRIDGING_HEADER = "AudiusReactNative-Bridging-Header.h";
				SWIFT_OPTIMIZATION_LEVEL = "-Onone";
				SWIFT_VERSION = 5.0;
				TIKTOK_APP_ID = awa9re2w7ec3xrn6;
				VERSIONING_SYSTEM = "apple-generic";
			};
			name = Debug;
		};
		13B07F951A680F5B00A75B9A /* Release */ = {
			isa = XCBuildConfiguration;
			baseConfigurationReference = 453FC09EC343ACA359EB312C /* Pods-AudiusReactNative.release.xcconfig */;
			buildSettings = {
				APP_DISPLAY_NAME = "Audius Music";
				ASSETCATALOG_COMPILER_APPICON_NAME = AppIcon;
				BUNDLE_ID_SUFFIX = "";
				CLANG_ENABLE_MODULES = YES;
				CODE_SIGN_ENTITLEMENTS = "AudiusReactNative/Audius Music.entitlements";
				CODE_SIGN_IDENTITY = "iPhone Developer";
				CURRENT_PROJECT_VERSION = 1;
				DEVELOPMENT_TEAM = LRFCG93S85;
				INFOPLIST_FILE = AudiusReactNative/Info.plist;
				IPHONEOS_DEPLOYMENT_TARGET = 15.5;
				LD_RUNPATH_SEARCH_PATHS = (
					"$(inherited)",
					"@executable_path/Frameworks",
				);
				OTHER_LDFLAGS = (
					"$(inherited)",
					"-ObjC",
					"-lc++",
				);
				PRODUCT_BUNDLE_IDENTIFIER = co.audius.audiusmusic;
				PRODUCT_NAME = "Audius Music";
				PROVISIONING_PROFILE_SPECIFIER = "match Development co.audius.audiusmusic";
				SCSDK_CLIENT_ID = "e4716145-55b7-4a90-9d90-e977733713ed";
				SWIFT_OBJC_BRIDGING_HEADER = "AudiusReactNative-Bridging-Header.h";
				SWIFT_VERSION = 5.0;
				TIKTOK_APP_ID = awa9re2w7ec3xrn6;
				VERSIONING_SYSTEM = "apple-generic";
			};
			name = Release;
		};
		83CBBA201A601CBA00E9B192 /* Debug */ = {
			isa = XCBuildConfiguration;
			buildSettings = {
				ALWAYS_SEARCH_USER_PATHS = NO;
				CC = "";
				CLANG_CXX_LANGUAGE_STANDARD = "c++20";
				CLANG_CXX_LIBRARY = "libc++";
				CLANG_ENABLE_MODULES = YES;
				CLANG_ENABLE_OBJC_ARC = YES;
				CLANG_WARN_BLOCK_CAPTURE_AUTORELEASING = YES;
				CLANG_WARN_BOOL_CONVERSION = YES;
				CLANG_WARN_COMMA = YES;
				CLANG_WARN_CONSTANT_CONVERSION = YES;
				CLANG_WARN_DEPRECATED_OBJC_IMPLEMENTATIONS = YES;
				CLANG_WARN_DIRECT_OBJC_ISA_USAGE = YES_ERROR;
				CLANG_WARN_EMPTY_BODY = YES;
				CLANG_WARN_ENUM_CONVERSION = YES;
				CLANG_WARN_INFINITE_RECURSION = YES;
				CLANG_WARN_INT_CONVERSION = YES;
				CLANG_WARN_NON_LITERAL_NULL_CONVERSION = YES;
				CLANG_WARN_OBJC_IMPLICIT_RETAIN_SELF = YES;
				CLANG_WARN_OBJC_LITERAL_CONVERSION = YES;
				CLANG_WARN_OBJC_ROOT_CLASS = YES_ERROR;
				CLANG_WARN_RANGE_LOOP_ANALYSIS = YES;
				CLANG_WARN_STRICT_PROTOTYPES = YES;
				CLANG_WARN_SUSPICIOUS_MOVE = YES;
				CLANG_WARN_UNREACHABLE_CODE = YES;
				CLANG_WARN__DUPLICATE_METHOD_MATCH = YES;
				CODE_PUSH_KEY = "";
				"CODE_SIGN_IDENTITY[sdk=iphoneos*]" = "iPhone Developer";
				CODE_SIGN_STYLE = Manual;
				COPY_PHASE_STRIP = NO;
				CXX = "";
				DEVELOPMENT_TEAM = LRFCG93S85;
				ENABLE_STRICT_OBJC_MSGSEND = YES;
				ENABLE_TESTABILITY = YES;
				"EXCLUDED_ARCHS[sdk=iphonesimulator*]" = "";
				GCC_C_LANGUAGE_STANDARD = gnu99;
				GCC_DYNAMIC_NO_PIC = NO;
				GCC_NO_COMMON_BLOCKS = YES;
				GCC_OPTIMIZATION_LEVEL = 0;
				GCC_PREPROCESSOR_DEFINITIONS = (
					"DEBUG=1",
					"$(inherited)",
				);
				GCC_SYMBOLS_PRIVATE_EXTERN = NO;
				GCC_WARN_64_TO_32_BIT_CONVERSION = YES;
				GCC_WARN_ABOUT_RETURN_TYPE = YES_ERROR;
				GCC_WARN_UNDECLARED_SELECTOR = YES;
				GCC_WARN_UNINITIALIZED_AUTOS = YES_AGGRESSIVE;
				GCC_WARN_UNUSED_FUNCTION = YES;
				GCC_WARN_UNUSED_VARIABLE = YES;
				IPHONEOS_DEPLOYMENT_TARGET = 15.5;
				LD = "";
				LDPLUSPLUS = "";
				MTL_ENABLE_DEBUG_INFO = YES;
				ONLY_ACTIVE_ARCH = YES;
				OTHER_CFLAGS = "$(inherited)";
				OTHER_CPLUSPLUSFLAGS = "$(inherited)";
				OTHER_LDFLAGS = "$(inherited)";
				REACT_NATIVE_PATH = "${PODS_ROOT}/../../node_modules/react-native";
				SDKROOT = iphoneos;
				USE_HERMES = true;
			};
			name = Debug;
		};
		83CBBA211A601CBA00E9B192 /* Release */ = {
			isa = XCBuildConfiguration;
			buildSettings = {
				ALWAYS_SEARCH_USER_PATHS = NO;
				CC = "";
				CLANG_CXX_LANGUAGE_STANDARD = "c++20";
				CLANG_CXX_LIBRARY = "libc++";
				CLANG_ENABLE_MODULES = YES;
				CLANG_ENABLE_OBJC_ARC = YES;
				CLANG_WARN_BLOCK_CAPTURE_AUTORELEASING = YES;
				CLANG_WARN_BOOL_CONVERSION = YES;
				CLANG_WARN_COMMA = YES;
				CLANG_WARN_CONSTANT_CONVERSION = YES;
				CLANG_WARN_DEPRECATED_OBJC_IMPLEMENTATIONS = YES;
				CLANG_WARN_DIRECT_OBJC_ISA_USAGE = YES_ERROR;
				CLANG_WARN_EMPTY_BODY = YES;
				CLANG_WARN_ENUM_CONVERSION = YES;
				CLANG_WARN_INFINITE_RECURSION = YES;
				CLANG_WARN_INT_CONVERSION = YES;
				CLANG_WARN_NON_LITERAL_NULL_CONVERSION = YES;
				CLANG_WARN_OBJC_IMPLICIT_RETAIN_SELF = YES;
				CLANG_WARN_OBJC_LITERAL_CONVERSION = YES;
				CLANG_WARN_OBJC_ROOT_CLASS = YES_ERROR;
				CLANG_WARN_RANGE_LOOP_ANALYSIS = YES;
				CLANG_WARN_STRICT_PROTOTYPES = YES;
				CLANG_WARN_SUSPICIOUS_MOVE = YES;
				CLANG_WARN_UNREACHABLE_CODE = YES;
				CLANG_WARN__DUPLICATE_METHOD_MATCH = YES;
				CODE_PUSH_KEY = "G9h6Peci_pndq29tnN8gLq2kqSbt3A-0wO7sv";
				"CODE_SIGN_IDENTITY[sdk=iphoneos*]" = "iPhone Distribution";
				CODE_SIGN_STYLE = Manual;
				COPY_PHASE_STRIP = YES;
				CXX = "";
				DEVELOPMENT_TEAM = LRFCG93S85;
				ENABLE_NS_ASSERTIONS = NO;
				ENABLE_STRICT_OBJC_MSGSEND = YES;
				"EXCLUDED_ARCHS[sdk=iphonesimulator*]" = "";
				GCC_C_LANGUAGE_STANDARD = gnu99;
				GCC_NO_COMMON_BLOCKS = YES;
				GCC_WARN_64_TO_32_BIT_CONVERSION = YES;
				GCC_WARN_ABOUT_RETURN_TYPE = YES_ERROR;
				GCC_WARN_UNDECLARED_SELECTOR = YES;
				GCC_WARN_UNINITIALIZED_AUTOS = YES_AGGRESSIVE;
				GCC_WARN_UNUSED_FUNCTION = YES;
				GCC_WARN_UNUSED_VARIABLE = YES;
				IPHONEOS_DEPLOYMENT_TARGET = 15.5;
				LD = "";
				LDPLUSPLUS = "";
				MTL_ENABLE_DEBUG_INFO = NO;
				OTHER_CFLAGS = "$(inherited)";
				OTHER_CPLUSPLUSFLAGS = "$(inherited)";
				OTHER_LDFLAGS = "$(inherited)";
				REACT_NATIVE_PATH = "${PODS_ROOT}/../../node_modules/react-native";
				SDKROOT = iphoneos;
				USE_HERMES = true;
				VALIDATE_PRODUCT = YES;
			};
			name = Release;
		};
		9E85FA572913022900DF18A9 /* ReleaseCandidate */ = {
			isa = XCBuildConfiguration;
			buildSettings = {
				ALWAYS_SEARCH_USER_PATHS = NO;
				CC = "";
				CLANG_CXX_LANGUAGE_STANDARD = "c++20";
				CLANG_CXX_LIBRARY = "libc++";
				CLANG_ENABLE_MODULES = YES;
				CLANG_ENABLE_OBJC_ARC = YES;
				CLANG_WARN_BLOCK_CAPTURE_AUTORELEASING = YES;
				CLANG_WARN_BOOL_CONVERSION = YES;
				CLANG_WARN_COMMA = YES;
				CLANG_WARN_CONSTANT_CONVERSION = YES;
				CLANG_WARN_DEPRECATED_OBJC_IMPLEMENTATIONS = YES;
				CLANG_WARN_DIRECT_OBJC_ISA_USAGE = YES_ERROR;
				CLANG_WARN_EMPTY_BODY = YES;
				CLANG_WARN_ENUM_CONVERSION = YES;
				CLANG_WARN_INFINITE_RECURSION = YES;
				CLANG_WARN_INT_CONVERSION = YES;
				CLANG_WARN_NON_LITERAL_NULL_CONVERSION = YES;
				CLANG_WARN_OBJC_IMPLICIT_RETAIN_SELF = YES;
				CLANG_WARN_OBJC_LITERAL_CONVERSION = YES;
				CLANG_WARN_OBJC_ROOT_CLASS = YES_ERROR;
				CLANG_WARN_RANGE_LOOP_ANALYSIS = YES;
				CLANG_WARN_STRICT_PROTOTYPES = YES;
				CLANG_WARN_SUSPICIOUS_MOVE = YES;
				CLANG_WARN_UNREACHABLE_CODE = YES;
				CLANG_WARN__DUPLICATE_METHOD_MATCH = YES;
				CODE_PUSH_KEY = v7BtoYS3cqJHs8MDCutNGJVH6Cb4OnEA5fkJ_;
				"CODE_SIGN_IDENTITY[sdk=iphoneos*]" = "iPhone Distribution";
				CODE_SIGN_STYLE = Manual;
				COPY_PHASE_STRIP = YES;
				CXX = "";
				DEVELOPMENT_TEAM = LRFCG93S85;
				ENABLE_NS_ASSERTIONS = NO;
				ENABLE_STRICT_OBJC_MSGSEND = YES;
				"EXCLUDED_ARCHS[sdk=iphonesimulator*]" = "";
				GCC_C_LANGUAGE_STANDARD = gnu99;
				GCC_NO_COMMON_BLOCKS = YES;
				GCC_WARN_64_TO_32_BIT_CONVERSION = YES;
				GCC_WARN_ABOUT_RETURN_TYPE = YES_ERROR;
				GCC_WARN_UNDECLARED_SELECTOR = YES;
				GCC_WARN_UNINITIALIZED_AUTOS = YES_AGGRESSIVE;
				GCC_WARN_UNUSED_FUNCTION = YES;
				GCC_WARN_UNUSED_VARIABLE = YES;
				IPHONEOS_DEPLOYMENT_TARGET = 15.5;
				LD = "";
				LDPLUSPLUS = "";
				MTL_ENABLE_DEBUG_INFO = NO;
				OTHER_CFLAGS = "$(inherited)";
				OTHER_CPLUSPLUSFLAGS = "$(inherited)";
				OTHER_LDFLAGS = "$(inherited)";
				REACT_NATIVE_PATH = "${PODS_ROOT}/../../node_modules/react-native";
				SDKROOT = iphoneos;
				USE_HERMES = true;
				VALIDATE_PRODUCT = YES;
			};
			name = ReleaseCandidate;
		};
		9E85FA582913022900DF18A9 /* ReleaseCandidate */ = {
			isa = XCBuildConfiguration;
			baseConfigurationReference = 1FBFACF443D7D1D743A6B13A /* Pods-AudiusReactNative.releasecandidate.xcconfig */;
			buildSettings = {
				APP_DISPLAY_NAME = "RC - Prod (Audius)";
				ASSETCATALOG_COMPILER_APPICON_NAME = AppIcon.ReleaseCandidate;
				BUNDLE_ID_SUFFIX = "";
				CLANG_ENABLE_MODULES = YES;
				CODE_SIGN_ENTITLEMENTS = "AudiusReactNative/Audius Music.entitlements";
				CODE_SIGN_IDENTITY = "iPhone Developer";
				CURRENT_PROJECT_VERSION = 1;
				DEVELOPMENT_TEAM = LRFCG93S85;
				"DEVELOPMENT_TEAM[sdk=iphoneos*]" = LRFCG93S85;
				INFOPLIST_FILE = AudiusReactNative/Info.plist;
				IPHONEOS_DEPLOYMENT_TARGET = 15.5;
				LD_RUNPATH_SEARCH_PATHS = (
					"$(inherited)",
					"@executable_path/Frameworks",
				);
				OTHER_LDFLAGS = (
					"$(inherited)",
					"-ObjC",
					"-lc++",
				);
				PRODUCT_BUNDLE_IDENTIFIER = co.audius.audiusmusic.releasecandidate;
				PRODUCT_NAME = "Audius Music Release Candidate";
				PROVISIONING_PROFILE_SPECIFIER = "match AppStore co.audius.audiusmusic.releasecandidate";
				"PROVISIONING_PROFILE_SPECIFIER[sdk=iphoneos*]" = "match AppStore co.audius.audiusmusic.releasecandidate";
				SCSDK_CLIENT_ID = "e4716145-55b7-4a90-9d90-e977733713ed";
				SWIFT_OBJC_BRIDGING_HEADER = "AudiusReactNative-Bridging-Header.h";
				SWIFT_VERSION = 5.0;
				TIKTOK_APP_ID = awa9re2w7ec3xrn6;
				VERSIONING_SYSTEM = "apple-generic";
			};
			name = ReleaseCandidate;
		};
		9E85FA592914164300DF18A9 /* Staging.ReleaseCandidate */ = {
			isa = XCBuildConfiguration;
			buildSettings = {
				ALWAYS_SEARCH_USER_PATHS = NO;
				CC = "";
				CLANG_CXX_LANGUAGE_STANDARD = "c++20";
				CLANG_CXX_LIBRARY = "libc++";
				CLANG_ENABLE_MODULES = YES;
				CLANG_ENABLE_OBJC_ARC = YES;
				CLANG_WARN_BLOCK_CAPTURE_AUTORELEASING = YES;
				CLANG_WARN_BOOL_CONVERSION = YES;
				CLANG_WARN_COMMA = YES;
				CLANG_WARN_CONSTANT_CONVERSION = YES;
				CLANG_WARN_DEPRECATED_OBJC_IMPLEMENTATIONS = YES;
				CLANG_WARN_DIRECT_OBJC_ISA_USAGE = YES_ERROR;
				CLANG_WARN_EMPTY_BODY = YES;
				CLANG_WARN_ENUM_CONVERSION = YES;
				CLANG_WARN_INFINITE_RECURSION = YES;
				CLANG_WARN_INT_CONVERSION = YES;
				CLANG_WARN_NON_LITERAL_NULL_CONVERSION = YES;
				CLANG_WARN_OBJC_IMPLICIT_RETAIN_SELF = YES;
				CLANG_WARN_OBJC_LITERAL_CONVERSION = YES;
				CLANG_WARN_OBJC_ROOT_CLASS = YES_ERROR;
				CLANG_WARN_RANGE_LOOP_ANALYSIS = YES;
				CLANG_WARN_STRICT_PROTOTYPES = YES;
				CLANG_WARN_SUSPICIOUS_MOVE = YES;
				CLANG_WARN_UNREACHABLE_CODE = YES;
				CLANG_WARN__DUPLICATE_METHOD_MATCH = YES;
				CODE_PUSH_KEY = v7BtoYS3cqJHs8MDCutNGJVH6Cb4OnEA5fkJ_;
				"CODE_SIGN_IDENTITY[sdk=iphoneos*]" = "iPhone Distribution";
				CODE_SIGN_STYLE = Manual;
				COPY_PHASE_STRIP = YES;
				CXX = "";
				DEVELOPMENT_TEAM = LRFCG93S85;
				ENABLE_NS_ASSERTIONS = NO;
				ENABLE_STRICT_OBJC_MSGSEND = YES;
				"EXCLUDED_ARCHS[sdk=iphonesimulator*]" = "";
				GCC_C_LANGUAGE_STANDARD = gnu99;
				GCC_NO_COMMON_BLOCKS = YES;
				GCC_WARN_64_TO_32_BIT_CONVERSION = YES;
				GCC_WARN_ABOUT_RETURN_TYPE = YES_ERROR;
				GCC_WARN_UNDECLARED_SELECTOR = YES;
				GCC_WARN_UNINITIALIZED_AUTOS = YES_AGGRESSIVE;
				GCC_WARN_UNUSED_FUNCTION = YES;
				GCC_WARN_UNUSED_VARIABLE = YES;
				IPHONEOS_DEPLOYMENT_TARGET = 15.5;
				LD = "";
				LDPLUSPLUS = "";
				MTL_ENABLE_DEBUG_INFO = NO;
				OTHER_CFLAGS = "$(inherited)";
				OTHER_CPLUSPLUSFLAGS = "$(inherited)";
				OTHER_LDFLAGS = "$(inherited)";
				REACT_NATIVE_PATH = "${PODS_ROOT}/../../node_modules/react-native";
				SDKROOT = iphoneos;
				USE_HERMES = true;
				VALIDATE_PRODUCT = YES;
			};
			name = Staging.ReleaseCandidate;
		};
		9E85FA5A2914164300DF18A9 /* Staging.ReleaseCandidate */ = {
			isa = XCBuildConfiguration;
			baseConfigurationReference = CA27166AAEB892DEA975C5CF /* Pods-AudiusReactNative.staging.releasecandidate.xcconfig */;
			buildSettings = {
				APP_DISPLAY_NAME = "RC - Staging (Audius)";
				ASSETCATALOG_COMPILER_APPICON_NAME = AppIcon.Staging.ReleaseCandidate;
				BUNDLE_ID_SUFFIX = .staging.releasecandidate;
				CLANG_ENABLE_MODULES = YES;
				CODE_SIGN_ENTITLEMENTS = "AudiusReactNative/Audius Music.entitlements";
				CODE_SIGN_IDENTITY = "iPhone Developer";
				"CODE_SIGN_IDENTITY[sdk=iphoneos*]" = "iPhone Distribution";
				CURRENT_PROJECT_VERSION = 1;
				DEVELOPMENT_TEAM = LRFCG93S85;
				"DEVELOPMENT_TEAM[sdk=iphoneos*]" = LRFCG93S85;
				INFOPLIST_FILE = AudiusReactNative/Info.plist;
				IPHONEOS_DEPLOYMENT_TARGET = 15.5;
				LD_RUNPATH_SEARCH_PATHS = (
					"$(inherited)",
					"@executable_path/Frameworks",
				);
				OTHER_LDFLAGS = (
					"$(inherited)",
					"-ObjC",
					"-lc++",
				);
				PRODUCT_BUNDLE_IDENTIFIER = co.audius.audiusmusic.staging.releasecandidate;
				PRODUCT_NAME = "Audius Music Release Candidate Staging";
				PROVISIONING_PROFILE_SPECIFIER = "match AppStore co.audius.audiusmusic.staging.releasecandidate";
				"PROVISIONING_PROFILE_SPECIFIER[sdk=iphoneos*]" = "match AppStore co.audius.audiusmusic.staging.releasecandidate";
				SCSDK_CLIENT_ID = "6f90a744-e5d0-4115-ad14-fb1a356085cd";
				SWIFT_OBJC_BRIDGING_HEADER = "AudiusReactNative-Bridging-Header.h";
				SWIFT_VERSION = 5.0;
				TIKTOK_APP_ID = awa9re2w7ec3xrn6;
				VERSIONING_SYSTEM = "apple-generic";
			};
			name = Staging.ReleaseCandidate;
		};
		D4E8207224577D66007BFEE4 /* Staging.Debug */ = {
			isa = XCBuildConfiguration;
			buildSettings = {
				ALWAYS_SEARCH_USER_PATHS = NO;
				CC = "";
				CLANG_CXX_LANGUAGE_STANDARD = "c++20";
				CLANG_CXX_LIBRARY = "libc++";
				CLANG_ENABLE_MODULES = YES;
				CLANG_ENABLE_OBJC_ARC = YES;
				CLANG_WARN_BLOCK_CAPTURE_AUTORELEASING = YES;
				CLANG_WARN_BOOL_CONVERSION = YES;
				CLANG_WARN_COMMA = YES;
				CLANG_WARN_CONSTANT_CONVERSION = YES;
				CLANG_WARN_DEPRECATED_OBJC_IMPLEMENTATIONS = YES;
				CLANG_WARN_DIRECT_OBJC_ISA_USAGE = YES_ERROR;
				CLANG_WARN_EMPTY_BODY = YES;
				CLANG_WARN_ENUM_CONVERSION = YES;
				CLANG_WARN_INFINITE_RECURSION = YES;
				CLANG_WARN_INT_CONVERSION = YES;
				CLANG_WARN_NON_LITERAL_NULL_CONVERSION = YES;
				CLANG_WARN_OBJC_IMPLICIT_RETAIN_SELF = YES;
				CLANG_WARN_OBJC_LITERAL_CONVERSION = YES;
				CLANG_WARN_OBJC_ROOT_CLASS = YES_ERROR;
				CLANG_WARN_RANGE_LOOP_ANALYSIS = YES;
				CLANG_WARN_STRICT_PROTOTYPES = YES;
				CLANG_WARN_SUSPICIOUS_MOVE = YES;
				CLANG_WARN_UNREACHABLE_CODE = YES;
				CLANG_WARN__DUPLICATE_METHOD_MATCH = YES;
				CODE_PUSH_KEY = "";
				"CODE_SIGN_IDENTITY[sdk=iphoneos*]" = "iPhone Developer";
				CODE_SIGN_STYLE = Manual;
				COPY_PHASE_STRIP = NO;
				CXX = "";
				DEVELOPMENT_TEAM = LRFCG93S85;
				ENABLE_STRICT_OBJC_MSGSEND = YES;
				ENABLE_TESTABILITY = YES;
				"EXCLUDED_ARCHS[sdk=iphonesimulator*]" = "";
				GCC_C_LANGUAGE_STANDARD = gnu99;
				GCC_DYNAMIC_NO_PIC = NO;
				GCC_NO_COMMON_BLOCKS = YES;
				GCC_OPTIMIZATION_LEVEL = 0;
				GCC_PREPROCESSOR_DEFINITIONS = (
					"DEBUG=1",
					"$(inherited)",
				);
				GCC_SYMBOLS_PRIVATE_EXTERN = NO;
				GCC_WARN_64_TO_32_BIT_CONVERSION = YES;
				GCC_WARN_ABOUT_RETURN_TYPE = YES_ERROR;
				GCC_WARN_UNDECLARED_SELECTOR = YES;
				GCC_WARN_UNINITIALIZED_AUTOS = YES_AGGRESSIVE;
				GCC_WARN_UNUSED_FUNCTION = YES;
				GCC_WARN_UNUSED_VARIABLE = YES;
				IPHONEOS_DEPLOYMENT_TARGET = 15.5;
				LD = "";
				LDPLUSPLUS = "";
				MTL_ENABLE_DEBUG_INFO = YES;
				ONLY_ACTIVE_ARCH = YES;
				OTHER_CFLAGS = "$(inherited)";
				OTHER_CPLUSPLUSFLAGS = "$(inherited)";
				OTHER_LDFLAGS = "$(inherited)";
				REACT_NATIVE_PATH = "${PODS_ROOT}/../../node_modules/react-native";
				SDKROOT = iphoneos;
				USE_HERMES = true;
			};
			name = Staging.Debug;
		};
		D4E8207324577D66007BFEE4 /* Staging.Debug */ = {
			isa = XCBuildConfiguration;
			baseConfigurationReference = D8E305EA8939571531A6B48A /* Pods-AudiusReactNative.staging.debug.xcconfig */;
			buildSettings = {
				APP_DISPLAY_NAME = "Staging (Audius)";
				ASSETCATALOG_COMPILER_APPICON_NAME = AppIcon.Staging;
				BUNDLE_ID_SUFFIX = .staging;
				CLANG_ENABLE_MODULES = YES;
				CODE_SIGN_ENTITLEMENTS = "AudiusReactNative/Audius Music.entitlements";
				CODE_SIGN_IDENTITY = "iPhone Developer";
				CURRENT_PROJECT_VERSION = 1;
				DEVELOPMENT_TEAM = LRFCG93S85;
				INFOPLIST_FILE = AudiusReactNative/Info.plist;
				IPHONEOS_DEPLOYMENT_TARGET = 15.5;
				LD_RUNPATH_SEARCH_PATHS = (
					"$(inherited)",
					"@executable_path/Frameworks",
				);
				OTHER_LDFLAGS = (
					"$(inherited)",
					"-ObjC",
					"-lc++",
				);
				PRODUCT_BUNDLE_IDENTIFIER = co.audius.audiusmusic.staging;
				PRODUCT_NAME = "Audius Music Staging";
				PROVISIONING_PROFILE_SPECIFIER = "match Development co.audius.audiusmusic.staging";
				SCSDK_CLIENT_ID = "6f90a744-e5d0-4115-ad14-fb1a356085cd";
				SWIFT_OBJC_BRIDGING_HEADER = "AudiusReactNative-Bridging-Header.h";
				SWIFT_OPTIMIZATION_LEVEL = "-Onone";
				SWIFT_VERSION = 5.0;
				TIKTOK_APP_ID = awa9re2w7ec3xrn6;
				VERSIONING_SYSTEM = "apple-generic";
			};
			name = Staging.Debug;
		};
		D4E8207424577D78007BFEE4 /* Staging.Release */ = {
			isa = XCBuildConfiguration;
			buildSettings = {
				ALWAYS_SEARCH_USER_PATHS = NO;
				CC = "";
				CLANG_CXX_LANGUAGE_STANDARD = "c++20";
				CLANG_CXX_LIBRARY = "libc++";
				CLANG_ENABLE_MODULES = YES;
				CLANG_ENABLE_OBJC_ARC = YES;
				CLANG_WARN_BLOCK_CAPTURE_AUTORELEASING = YES;
				CLANG_WARN_BOOL_CONVERSION = YES;
				CLANG_WARN_COMMA = YES;
				CLANG_WARN_CONSTANT_CONVERSION = YES;
				CLANG_WARN_DEPRECATED_OBJC_IMPLEMENTATIONS = YES;
				CLANG_WARN_DIRECT_OBJC_ISA_USAGE = YES_ERROR;
				CLANG_WARN_EMPTY_BODY = YES;
				CLANG_WARN_ENUM_CONVERSION = YES;
				CLANG_WARN_INFINITE_RECURSION = YES;
				CLANG_WARN_INT_CONVERSION = YES;
				CLANG_WARN_NON_LITERAL_NULL_CONVERSION = YES;
				CLANG_WARN_OBJC_IMPLICIT_RETAIN_SELF = YES;
				CLANG_WARN_OBJC_LITERAL_CONVERSION = YES;
				CLANG_WARN_OBJC_ROOT_CLASS = YES_ERROR;
				CLANG_WARN_RANGE_LOOP_ANALYSIS = YES;
				CLANG_WARN_STRICT_PROTOTYPES = YES;
				CLANG_WARN_SUSPICIOUS_MOVE = YES;
				CLANG_WARN_UNREACHABLE_CODE = YES;
				CLANG_WARN__DUPLICATE_METHOD_MATCH = YES;
				CODE_PUSH_KEY = "emDbN4ZWLEI78uOxdAkoZEJ7QyWa-chaHmZps";
				"CODE_SIGN_IDENTITY[sdk=iphoneos*]" = "iPhone Distribution";
				CODE_SIGN_STYLE = Manual;
				COPY_PHASE_STRIP = YES;
				CXX = "";
				DEVELOPMENT_TEAM = LRFCG93S85;
				ENABLE_NS_ASSERTIONS = NO;
				ENABLE_STRICT_OBJC_MSGSEND = YES;
				"EXCLUDED_ARCHS[sdk=iphonesimulator*]" = "";
				GCC_C_LANGUAGE_STANDARD = gnu99;
				GCC_NO_COMMON_BLOCKS = YES;
				GCC_WARN_64_TO_32_BIT_CONVERSION = YES;
				GCC_WARN_ABOUT_RETURN_TYPE = YES_ERROR;
				GCC_WARN_UNDECLARED_SELECTOR = YES;
				GCC_WARN_UNINITIALIZED_AUTOS = YES_AGGRESSIVE;
				GCC_WARN_UNUSED_FUNCTION = YES;
				GCC_WARN_UNUSED_VARIABLE = YES;
				IPHONEOS_DEPLOYMENT_TARGET = 15.5;
				LD = "";
				LDPLUSPLUS = "";
				MTL_ENABLE_DEBUG_INFO = NO;
				OTHER_CFLAGS = "$(inherited)";
				OTHER_CPLUSPLUSFLAGS = "$(inherited)";
				OTHER_LDFLAGS = "$(inherited)";
				REACT_NATIVE_PATH = "${PODS_ROOT}/../../node_modules/react-native";
				SDKROOT = iphoneos;
				USE_HERMES = true;
				VALIDATE_PRODUCT = YES;
			};
			name = Staging.Release;
		};
		D4E8207524577D78007BFEE4 /* Staging.Release */ = {
			isa = XCBuildConfiguration;
			baseConfigurationReference = 871B6984E1993EF6CFB9B5A5 /* Pods-AudiusReactNative.staging.release.xcconfig */;
			buildSettings = {
				APP_DISPLAY_NAME = "Staging (Audius)";
				ASSETCATALOG_COMPILER_APPICON_NAME = AppIcon.Staging;
				BUNDLE_ID_SUFFIX = .staging;
				CLANG_ENABLE_MODULES = YES;
				CODE_SIGN_ENTITLEMENTS = "AudiusReactNative/Audius Music.entitlements";
				CODE_SIGN_IDENTITY = "iPhone Developer";
				CURRENT_PROJECT_VERSION = 1;
				DEVELOPMENT_TEAM = LRFCG93S85;
				INFOPLIST_FILE = AudiusReactNative/Info.plist;
				IPHONEOS_DEPLOYMENT_TARGET = 15.5;
				LD_RUNPATH_SEARCH_PATHS = (
					"$(inherited)",
					"@executable_path/Frameworks",
				);
				OTHER_LDFLAGS = (
					"$(inherited)",
					"-ObjC",
					"-lc++",
				);
				PRODUCT_BUNDLE_IDENTIFIER = co.audius.audiusmusic.staging;
				PRODUCT_NAME = "Audius Music Staging";
				PROVISIONING_PROFILE_SPECIFIER = "match Development co.audius.audiusmusic.staging";
				SCSDK_CLIENT_ID = "6f90a744-e5d0-4115-ad14-fb1a356085cd";
				SWIFT_OBJC_BRIDGING_HEADER = "AudiusReactNative-Bridging-Header.h";
				SWIFT_VERSION = 5.0;
				TIKTOK_APP_ID = awa9re2w7ec3xrn6;
				VERSIONING_SYSTEM = "apple-generic";
			};
			name = Staging.Release;
		};
/* End XCBuildConfiguration section */

/* Begin XCConfigurationList section */
		13B07F931A680F5B00A75B9A /* Build configuration list for PBXNativeTarget "AudiusReactNative" */ = {
			isa = XCConfigurationList;
			buildConfigurations = (
				13B07F941A680F5B00A75B9A /* Debug */,
				D4E8207324577D66007BFEE4 /* Staging.Debug */,
				13B07F951A680F5B00A75B9A /* Release */,
				9E85FA582913022900DF18A9 /* ReleaseCandidate */,
				D4E8207524577D78007BFEE4 /* Staging.Release */,
				9E85FA5A2914164300DF18A9 /* Staging.ReleaseCandidate */,
			);
			defaultConfigurationIsVisible = 0;
			defaultConfigurationName = Release;
		};
		83CBB9FA1A601CBA00E9B192 /* Build configuration list for PBXProject "AudiusReactNative" */ = {
			isa = XCConfigurationList;
			buildConfigurations = (
				83CBBA201A601CBA00E9B192 /* Debug */,
				D4E8207224577D66007BFEE4 /* Staging.Debug */,
				83CBBA211A601CBA00E9B192 /* Release */,
				9E85FA572913022900DF18A9 /* ReleaseCandidate */,
				D4E8207424577D78007BFEE4 /* Staging.Release */,
				9E85FA592914164300DF18A9 /* Staging.ReleaseCandidate */,
			);
			defaultConfigurationIsVisible = 0;
			defaultConfigurationName = Release;
		};
/* End XCConfigurationList section */
	};
	rootObject = 83CBB9F71A601CBA00E9B192 /* Project object */;
}
