{
  "name": "workers-site",
  "version": "1.0.0",
  "lockfileVersion": 3,
  "requires": true,
  "packages": {
    "": {
      "version": "1.0.0",
      "license": "MIT",
      "dependencies": {
        "@cloudflare/kv-asset-handler": "~0.0.11"
      }
    },
    "node_modules/@cloudflare/kv-asset-handler": {
      "version": "0.0.12",
      "resolved": "https://registry.npmjs.org/@cloudflare/kv-asset-handler/-/kv-asset-handler-0.0.12.tgz",
      "integrity": "sha512-3XCs9TRhQh/yUs1ST9cIMLB8C5c1JRKcDYTPJbAmcgI0kO2FPCSZz+kyNb9x25DuGQeqOMMwmxHPtiOfTki/Gw==",
      "dependencies": {
        "@cloudflare/workers-types": "^2.0.0",
        "@types/mime": "^2.0.2",
        "mime": "^2.4.6"
      }
    },
    "node_modules/@cloudflare/workers-types": {
      "version": "2.2.2",
      "resolved": "https://registry.npmjs.org/@cloudflare/workers-types/-/workers-types-2.2.2.tgz",
      "integrity": "sha512-kaMn2rueJ0PL1TYVGknTCh0X0x0d9G+FNXAFep7/4uqecEZoQb/63o6rOmMuiqI09zLuHV6xhKRXinokV/MY9A=="
    },
    "node_modules/@types/mime": {
      "version": "2.0.3",
      "resolved": "https://registry.npmjs.org/@types/mime/-/mime-2.0.3.tgz",
      "integrity": "sha512-Jus9s4CDbqwocc5pOAnh8ShfrnMcPHuJYzVcSUU7lrh8Ni5HuIqX3oilL86p3dlTrk0LzHRCgA/GQ7uNCw6l2Q=="
    },
    "node_modules/mime": {
      "version": "2.6.0",
      "resolved": "https://registry.npmjs.org/mime/-/mime-2.6.0.tgz",
      "integrity": "sha512-USPkMeET31rOMiarsBNIHZKLGgvKc/LrjofAnBlOttf5ajRvqiRA8QsenbcooctK6d6Ts6aqZXBA+XbkKthiQg==",
      "bin": {
        "mime": "cli.js"
      },
      "engines": {
        "node": ">=4.0.0"
      }
    }
  }
}
